// !$*UTF8*$!
{
	archiveVersion = 1;
	classes = {
	};
	objectVersion = 46;
	objects = {

/* Begin PBXBuildFile section */
		3DBB79A51C45DA85009FA592 /* main.m in Sources */ = {isa = PBXBuildFile; fileRef = 3DBB79A41C45DA85009FA592 /* main.m */; };
		3DBB79A81C45DA85009FA592 /* AppDelegate.m in Sources */ = {isa = PBXBuildFile; fileRef = 3DBB79A71C45DA85009FA592 /* AppDelegate.m */; };
		3DBB79AB1C45DA85009FA592 /* ViewController.m in Sources */ = {isa = PBXBuildFile; fileRef = 3DBB79AA1C45DA85009FA592 /* ViewController.m */; };
		3DBB79AE1C45DA85009FA592 /* Main.storyboard in Resources */ = {isa = PBXBuildFile; fileRef = 3DBB79AC1C45DA85009FA592 /* Main.storyboard */; };
		3DBB79B01C45DA85009FA592 /* Assets.xcassets in Resources */ = {isa = PBXBuildFile; fileRef = 3DBB79AF1C45DA85009FA592 /* Assets.xcassets */; };
		3DBB79B31C45DA85009FA592 /* LaunchScreen.storyboard in Resources */ = {isa = PBXBuildFile; fileRef = 3DBB79B11C45DA85009FA592 /* LaunchScreen.storyboard */; };
		3DBB79BE1C45DA85009FA592 /* paintTests.m in Sources */ = {isa = PBXBuildFile; fileRef = 3DBB79BD1C45DA85009FA592 /* paintTests.m */; };
		3DBB79C91C45DA85009FA592 /* paintUITests.m in Sources */ = {isa = PBXBuildFile; fileRef = 3DBB79C81C45DA85009FA592 /* paintUITests.m */; };
		3DBB79ED1C45DC39009FA592 /* b.png in Resources */ = {isa = PBXBuildFile; fileRef = 3DBB79D71C45DC39009FA592 /* b.png */; };
		3DBB79EE1C45DC39009FA592 /* Black.png in Resources */ = {isa = PBXBuildFile; fileRef = 3DBB79D81C45DC39009FA592 /* Black.png */; };
		3DBB79EF1C45DC39009FA592 /* Blue.png in Resources */ = {isa = PBXBuildFile; fileRef = 3DBB79D91C45DC39009FA592 /* Blue.png */; };
		3DBB79F01C45DC39009FA592 /* Brown.png in Resources */ = {isa = PBXBuildFile; fileRef = 3DBB79DA1C45DC39009FA592 /* Brown.png */; };
		3DBB79F11C45DC39009FA592 /* Custom-Color.png in Resources */ = {isa = PBXBuildFile; fileRef = 3DBB79DB1C45DC39009FA592 /* Custom-Color.png */; };
		3DBB79F21C45DC39009FA592 /* DarkGreen.png in Resources */ = {isa = PBXBuildFile; fileRef = 3DBB79DC1C45DC39009FA592 /* DarkGreen.png */; };
		3DBB79F31C45DC39009FA592 /* DarkOrange.png in Resources */ = {isa = PBXBuildFile; fileRef = 3DBB79DD1C45DC39009FA592 /* DarkOrange.png */; };
		3DBB79F41C45DC39009FA592 /* Eraser.png in Resources */ = {isa = PBXBuildFile; fileRef = 3DBB79DE1C45DC39009FA592 /* Eraser.png */; };
		3DBB79F51C45DC39009FA592 /* g.png in Resources */ = {isa = PBXBuildFile; fileRef = 3DBB79DF1C45DC39009FA592 /* g.png */; };
		3DBB79F61C45DC39009FA592 /* Grey.png in Resources */ = {isa = PBXBuildFile; fileRef = 3DBB79E01C45DC39009FA592 /* Grey.png */; };
		3DBB79F71C45DC39009FA592 /* LightBlue.png in Resources */ = {isa = PBXBuildFile; fileRef = 3DBB79E11C45DC39009FA592 /* LightBlue.png */; };
		3DBB79F81C45DC39009FA592 /* LightGreen.png in Resources */ = {isa = PBXBuildFile; fileRef = 3DBB79E21C45DC39009FA592 /* LightGreen.png */; };
		3DBB79F91C45DC39009FA592 /* Opacity.png in Resources */ = {isa = PBXBuildFile; fileRef = 3DBB79E31C45DC39009FA592 /* Opacity.png */; };
		3DBB79FA1C45DC39009FA592 /* r.png in Resources */ = {isa = PBXBuildFile; fileRef = 3DBB79E41C45DC39009FA592 /* r.png */; };
		3DBB79FB1C45DC39009FA592 /* Red.png in Resources */ = {isa = PBXBuildFile; fileRef = 3DBB79E51C45DC39009FA592 /* Red.png */; };
		3DBB79FC1C45DC39009FA592 /* reset-Small.png in Resources */ = {isa = PBXBuildFile; fileRef = 3DBB79E61C45DC39009FA592 /* reset-Small.png */; };
		3DBB79FD1C45DC39009FA592 /* Save-Small.png in Resources */ = {isa = PBXBuildFile; fileRef = 3DBB79E71C45DC39009FA592 /* Save-Small.png */; };
		3DBB79FE1C45DC39009FA592 /* Setting-1.png in Resources */ = {isa = PBXBuildFile; fileRef = 3DBB79E81C45DC39009FA592 /* Setting-1.png */; };
		3DBB79FF1C45DC39009FA592 /* Setting-2.png in Resources */ = {isa = PBXBuildFile; fileRef = 3DBB79E91C45DC39009FA592 /* Setting-2.png */; };
		3DBB7A001C45DC39009FA592 /* thickness.png in Resources */ = {isa = PBXBuildFile; fileRef = 3DBB79EA1C45DC39009FA592 /* thickness.png */; };
		3DBB7A011C45DC39009FA592 /* width.png in Resources */ = {isa = PBXBuildFile; fileRef = 3DBB79EB1C45DC39009FA592 /* width.png */; };
		3DBB7A021C45DC39009FA592 /* Yellow.png in Resources */ = {isa = PBXBuildFile; fileRef = 3DBB79EC1C45DC39009FA592 /* Yellow.png */; };
/* End PBXBuildFile section */

/* Begin PBXContainerItemProxy section */
		3DBB79BA1C45DA85009FA592 /* PBXContainerItemProxy */ = {
			isa = PBXContainerItemProxy;
			containerPortal = 3DBB79981C45DA85009FA592 /* Project object */;
			proxyType = 1;
			remoteGlobalIDString = 3DBB799F1C45DA85009FA592;
			remoteInfo = paint;
		};
		3DBB79C51C45DA85009FA592 /* PBXContainerItemProxy */ = {
			isa = PBXContainerItemProxy;
			containerPortal = 3DBB79981C45DA85009FA592 /* Project object */;
			proxyType = 1;
			remoteGlobalIDString = 3DBB799F1C45DA85009FA592;
			remoteInfo = paint;
		};
/* End PBXContainerItemProxy section */

/* Begin PBXFileReference section */
		3DBB79A01C45DA85009FA592 /* paint.app */ = {isa = PBXFileReference; explicitFileType = wrapper.application; includeInIndex = 0; path = paint.app; sourceTree = BUILT_PRODUCTS_DIR; };
		3DBB79A41C45DA85009FA592 /* main.m */ = {isa = PBXFileReference; lastKnownFileType = sourcecode.c.objc; path = main.m; sourceTree = "<group>"; };
		3DBB79A61C45DA85009FA592 /* AppDelegate.h */ = {isa = PBXFileReference; lastKnownFileType = sourcecode.c.h; path = AppDelegate.h; sourceTree = "<group>"; };
		3DBB79A71C45DA85009FA592 /* AppDelegate.m */ = {isa = PBXFileReference; lastKnownFileType = sourcecode.c.objc; path = AppDelegate.m; sourceTree = "<group>"; };
		3DBB79A91C45DA85009FA592 /* ViewController.h */ = {isa = PBXFileReference; lastKnownFileType = sourcecode.c.h; path = ViewController.h; sourceTree = "<group>"; };
		3DBB79AA1C45DA85009FA592 /* ViewController.m */ = {isa = PBXFileReference; lastKnownFileType = sourcecode.c.objc; path = ViewController.m; sourceTree = "<group>"; };
		3DBB79AD1C45DA85009FA592 /* Base */ = {isa = PBXFileReference; lastKnownFileType = file.storyboard; name = Base; path = Base.lproj/Main.storyboard; sourceTree = "<group>"; };
		3DBB79AF1C45DA85009FA592 /* Assets.xcassets */ = {isa = PBXFileReference; lastKnownFileType = folder.assetcatalog; path = Assets.xcassets; sourceTree = "<group>"; };
		3DBB79B21C45DA85009FA592 /* Base */ = {isa = PBXFileReference; lastKnownFileType = file.storyboard; name = Base; path = Base.lproj/LaunchScreen.storyboard; sourceTree = "<group>"; };
		3DBB79B41C45DA85009FA592 /* Info.plist */ = {isa = PBXFileReference; lastKnownFileType = text.plist.xml; path = Info.plist; sourceTree = "<group>"; };
		3DBB79B91C45DA85009FA592 /* paintTests.xctest */ = {isa = PBXFileReference; explicitFileType = wrapper.cfbundle; includeInIndex = 0; path = paintTests.xctest; sourceTree = BUILT_PRODUCTS_DIR; };
		3DBB79BD1C45DA85009FA592 /* paintTests.m */ = {isa = PBXFileReference; lastKnownFileType = sourcecode.c.objc; path = paintTests.m; sourceTree = "<group>"; };
		3DBB79BF1C45DA85009FA592 /* Info.plist */ = {isa = PBXFileReference; lastKnownFileType = text.plist.xml; path = Info.plist; sourceTree = "<group>"; };
		3DBB79C41C45DA85009FA592 /* paintUITests.xctest */ = {isa = PBXFileReference; explicitFileType = wrapper.cfbundle; includeInIndex = 0; path = paintUITests.xctest; sourceTree = BUILT_PRODUCTS_DIR; };
		3DBB79C81C45DA85009FA592 /* paintUITests.m */ = {isa = PBXFileReference; lastKnownFileType = sourcecode.c.objc; path = paintUITests.m; sourceTree = "<group>"; };
		3DBB79CA1C45DA85009FA592 /* Info.plist */ = {isa = PBXFileReference; lastKnownFileType = text.plist.xml; path = Info.plist; sourceTree = "<group>"; };
		3DBB79D71C45DC39009FA592 /* b.png */ = {isa = PBXFileReference; lastKnownFileType = image.png; path = b.png; sourceTree = "<group>"; };
		3DBB79D81C45DC39009FA592 /* Black.png */ = {isa = PBXFileReference; lastKnownFileType = image.png; path = Black.png; sourceTree = "<group>"; };
		3DBB79D91C45DC39009FA592 /* Blue.png */ = {isa = PBXFileReference; lastKnownFileType = image.png; path = Blue.png; sourceTree = "<group>"; };
		3DBB79DA1C45DC39009FA592 /* Brown.png */ = {isa = PBXFileReference; lastKnownFileType = image.png; path = Brown.png; sourceTree = "<group>"; };
		3DBB79DB1C45DC39009FA592 /* Custom-Color.png */ = {isa = PBXFileReference; lastKnownFileType = image.png; path = "Custom-Color.png"; sourceTree = "<group>"; };
		3DBB79DC1C45DC39009FA592 /* DarkGreen.png */ = {isa = PBXFileReference; lastKnownFileType = image.png; path = DarkGreen.png; sourceTree = "<group>"; };
		3DBB79DD1C45DC39009FA592 /* DarkOrange.png */ = {isa = PBXFileReference; lastKnownFileType = image.png; path = DarkOrange.png; sourceTree = "<group>"; };
		3DBB79DE1C45DC39009FA592 /* Eraser.png */ = {isa = PBXFileReference; lastKnownFileType = image.png; path = Eraser.png; sourceTree = "<group>"; };
		3DBB79DF1C45DC39009FA592 /* g.png */ = {isa = PBXFileReference; lastKnownFileType = image.png; path = g.png; sourceTree = "<group>"; };
		3DBB79E01C45DC39009FA592 /* Grey.png */ = {isa = PBXFileReference; lastKnownFileType = image.png; path = Grey.png; sourceTree = "<group>"; };
		3DBB79E11C45DC39009FA592 /* LightBlue.png */ = {isa = PBXFileReference; lastKnownFileType = image.png; path = LightBlue.png; sourceTree = "<group>"; };
		3DBB79E21C45DC39009FA592 /* LightGreen.png */ = {isa = PBXFileReference; lastKnownFileType = image.png; path = LightGreen.png; sourceTree = "<group>"; };
		3DBB79E31C45DC39009FA592 /* Opacity.png */ = {isa = PBXFileReference; lastKnownFileType = image.png; path = Opacity.png; sourceTree = "<group>"; };
		3DBB79E41C45DC39009FA592 /* r.png */ = {isa = PBXFileReference; lastKnownFileType = image.png; path = r.png; sourceTree = "<group>"; };
		3DBB79E51C45DC39009FA592 /* Red.png */ = {isa = PBXFileReference; lastKnownFileType = image.png; path = Red.png; sourceTree = "<group>"; };
		3DBB79E61C45DC39009FA592 /* reset-Small.png */ = {isa = PBXFileReference; lastKnownFileType = image.png; path = "reset-Small.png"; sourceTree = "<group>"; };
		3DBB79E71C45DC39009FA592 /* Save-Small.png */ = {isa = PBXFileReference; lastKnownFileType = image.png; path = "Save-Small.png"; sourceTree = "<group>"; };
		3DBB79E81C45DC39009FA592 /* Setting-1.png */ = {isa = PBXFileReference; lastKnownFileType = image.png; path = "Setting-1.png"; sourceTree = "<group>"; };
		3DBB79E91C45DC39009FA592 /* Setting-2.png */ = {isa = PBXFileReference; lastKnownFileType = image.png; path = "Setting-2.png"; sourceTree = "<group>"; };
		3DBB79EA1C45DC39009FA592 /* thickness.png */ = {isa = PBXFileReference; lastKnownFileType = image.png; path = thickness.png; sourceTree = "<group>"; };
		3DBB79EB1C45DC39009FA592 /* width.png */ = {isa = PBXFileReference; lastKnownFileType = image.png; path = width.png; sourceTree = "<group>"; };
		3DBB79EC1C45DC39009FA592 /* Yellow.png */ = {isa = PBXFileReference; lastKnownFileType = image.png; path = Yellow.png; sourceTree = "<group>"; };
/* End PBXFileReference section */

/* Begin PBXFrameworksBuildPhase section */
		3DBB799D1C45DA85009FA592 /* Frameworks */ = {
			isa = PBXFrameworksBuildPhase;
			buildActionMask = 2147483647;
			files = (
			);
			runOnlyForDeploymentPostprocessing = 0;
		};
		3DBB79B61C45DA85009FA592 /* Frameworks */ = {
			isa = PBXFrameworksBuildPhase;
			buildActionMask = 2147483647;
			files = (
			);
			runOnlyForDeploymentPostprocessing = 0;
		};
		3DBB79C11C45DA85009FA592 /* Frameworks */ = {
			isa = PBXFrameworksBuildPhase;
			buildActionMask = 2147483647;
			files = (
			);
			runOnlyForDeploymentPostprocessing = 0;
		};
/* End PBXFrameworksBuildPhase section */

/* Begin PBXGroup section */
		3DBB79971C45DA85009FA592 = {
			isa = PBXGroup;
			children = (
				3DBB79D61C45DC39009FA592 /* Graphics */,
				3DBB79A21C45DA85009FA592 /* paint */,
				3DBB79BC1C45DA85009FA592 /* paintTests */,
				3DBB79C71C45DA85009FA592 /* paintUITests */,
				3DBB79A11C45DA85009FA592 /* Products */,
			);
			sourceTree = "<group>";
		};
		3DBB79A11C45DA85009FA592 /* Products */ = {
			isa = PBXGroup;
			children = (
				3DBB79A01C45DA85009FA592 /* paint.app */,
				3DBB79B91C45DA85009FA592 /* paintTests.xctest */,
				3DBB79C41C45DA85009FA592 /* paintUITests.xctest */,
			);
			name = Products;
			sourceTree = "<group>";
		};
		3DBB79A21C45DA85009FA592 /* paint */ = {
			isa = PBXGroup;
			children = (
				3DBB79A61C45DA85009FA592 /* AppDelegate.h */,
				3DBB79A71C45DA85009FA592 /* AppDelegate.m */,
				3DBB79A91C45DA85009FA592 /* ViewController.h */,
				3DBB79AA1C45DA85009FA592 /* ViewController.m */,
				3DBB79AC1C45DA85009FA592 /* Main.storyboard */,
				3DBB79AF1C45DA85009FA592 /* Assets.xcassets */,
				3DBB79B11C45DA85009FA592 /* LaunchScreen.storyboard */,
				3DBB79B41C45DA85009FA592 /* Info.plist */,
				3DBB79A31C45DA85009FA592 /* Supporting Files */,
			);
			path = paint;
			sourceTree = "<group>";
		};
		3DBB79A31C45DA85009FA592 /* Supporting Files */ = {
			isa = PBXGroup;
			children = (
				3DBB79A41C45DA85009FA592 /* main.m */,
			);
			name = "Supporting Files";
			sourceTree = "<group>";
		};
		3DBB79BC1C45DA85009FA592 /* paintTests */ = {
			isa = PBXGroup;
			children = (
				3DBB79BD1C45DA85009FA592 /* paintTests.m */,
				3DBB79BF1C45DA85009FA592 /* Info.plist */,
			);
			path = paintTests;
			sourceTree = "<group>";
		};
		3DBB79C71C45DA85009FA592 /* paintUITests */ = {
			isa = PBXGroup;
			children = (
				3DBB79C81C45DA85009FA592 /* paintUITests.m */,
				3DBB79CA1C45DA85009FA592 /* Info.plist */,
			);
			path = paintUITests;
			sourceTree = "<group>";
		};
		3DBB79D61C45DC39009FA592 /* Graphics */ = {
			isa = PBXGroup;
			children = (
				3DBB79D71C45DC39009FA592 /* b.png */,
				3DBB79D81C45DC39009FA592 /* Black.png */,
				3DBB79D91C45DC39009FA592 /* Blue.png */,
				3DBB79DA1C45DC39009FA592 /* Brown.png */,
				3DBB79DB1C45DC39009FA592 /* Custom-Color.png */,
				3DBB79DC1C45DC39009FA592 /* DarkGreen.png */,
				3DBB79DD1C45DC39009FA592 /* DarkOrange.png */,
				3DBB79DE1C45DC39009FA592 /* Eraser.png */,
				3DBB79DF1C45DC39009FA592 /* g.png */,
				3DBB79E01C45DC39009FA592 /* Grey.png */,
				3DBB79E11C45DC39009FA592 /* LightBlue.png */,
				3DBB79E21C45DC39009FA592 /* LightGreen.png */,
				3DBB79E31C45DC39009FA592 /* Opacity.png */,
				3DBB79E41C45DC39009FA592 /* r.png */,
				3DBB79E51C45DC39009FA592 /* Red.png */,
				3DBB79E61C45DC39009FA592 /* reset-Small.png */,
				3DBB79E71C45DC39009FA592 /* Save-Small.png */,
				3DBB79E81C45DC39009FA592 /* Setting-1.png */,
				3DBB79E91C45DC39009FA592 /* Setting-2.png */,
				3DBB79EA1C45DC39009FA592 /* thickness.png */,
				3DBB79EB1C45DC39009FA592 /* width.png */,
				3DBB79EC1C45DC39009FA592 /* Yellow.png */,
			);
			path = Graphics;
			sourceTree = "<group>";
		};
/* End PBXGroup section */

/* Begin PBXNativeTarget section */
		3DBB799F1C45DA85009FA592 /* paint */ = {
			isa = PBXNativeTarget;
			buildConfigurationList = 3DBB79CD1C45DA85009FA592 /* Build configuration list for PBXNativeTarget "paint" */;
			buildPhases = (
				3DBB799C1C45DA85009FA592 /* Sources */,
				3DBB799D1C45DA85009FA592 /* Frameworks */,
				3DBB799E1C45DA85009FA592 /* Resources */,
			);
			buildRules = (
			);
			dependencies = (
			);
			name = paint;
			productName = paint;
			productReference = 3DBB79A01C45DA85009FA592 /* paint.app */;
			productType = "com.apple.product-type.application";
		};
		3DBB79B81C45DA85009FA592 /* paintTests */ = {
			isa = PBXNativeTarget;
			buildConfigurationList = 3DBB79D01C45DA85009FA592 /* Build configuration list for PBXNativeTarget "paintTests" */;
			buildPhases = (
				3DBB79B51C45DA85009FA592 /* Sources */,
				3DBB79B61C45DA85009FA592 /* Frameworks */,
				3DBB79B71C45DA85009FA592 /* Resources */,
			);
			buildRules = (
			);
			dependencies = (
				3DBB79BB1C45DA85009FA592 /* PBXTargetDependency */,
			);
			name = paintTests;
			productName = paintTests;
			productReference = 3DBB79B91C45DA85009FA592 /* paintTests.xctest */;
			productType = "com.apple.product-type.bundle.unit-test";
		};
		3DBB79C31C45DA85009FA592 /* paintUITests */ = {
			isa = PBXNativeTarget;
			buildConfigurationList = 3DBB79D31C45DA85009FA592 /* Build configuration list for PBXNativeTarget "paintUITests" */;
			buildPhases = (
				3DBB79C01C45DA85009FA592 /* Sources */,
				3DBB79C11C45DA85009FA592 /* Frameworks */,
				3DBB79C21C45DA85009FA592 /* Resources */,
			);
			buildRules = (
			);
			dependencies = (
				3DBB79C61C45DA85009FA592 /* PBXTargetDependency */,
			);
			name = paintUITests;
			productName = paintUITests;
			productReference = 3DBB79C41C45DA85009FA592 /* paintUITests.xctest */;
			productType = "com.apple.product-type.bundle.ui-testing";
		};
/* End PBXNativeTarget section */

/* Begin PBXProject section */
		3DBB79981C45DA85009FA592 /* Project object */ = {
			isa = PBXProject;
			attributes = {
				LastUpgradeCheck = 0720;
				ORGANIZATIONNAME = Intrepid;
				TargetAttributes = {
					3DBB799F1C45DA85009FA592 = {
						CreatedOnToolsVersion = 7.2;
						DevelopmentTeam = F89R927AW4;
					};
					3DBB79B81C45DA85009FA592 = {
						CreatedOnToolsVersion = 7.2;
						DevelopmentTeam = F89R927AW4;
						TestTargetID = 3DBB799F1C45DA85009FA592;
					};
					3DBB79C31C45DA85009FA592 = {
						CreatedOnToolsVersion = 7.2;
						DevelopmentTeam = F89R927AW4;
						TestTargetID = 3DBB799F1C45DA85009FA592;
					};
				};
			};
			buildConfigurationList = 3DBB799B1C45DA85009FA592 /* Build configuration list for PBXProject "paint" */;
			compatibilityVersion = "Xcode 3.2";
			developmentRegion = English;
			hasScannedForEncodings = 0;
			knownRegions = (
				en,
				Base,
			);
			mainGroup = 3DBB79971C45DA85009FA592;
			productRefGroup = 3DBB79A11C45DA85009FA592 /* Products */;
			projectDirPath = "";
			projectRoot = "";
			targets = (
				3DBB799F1C45DA85009FA592 /* paint */,
				3DBB79B81C45DA85009FA592 /* paintTests */,
				3DBB79C31C45DA85009FA592 /* paintUITests */,
			);
		};
/* End PBXProject section */

/* Begin PBXResourcesBuildPhase section */
		3DBB799E1C45DA85009FA592 /* Resources */ = {
			isa = PBXResourcesBuildPhase;
			buildActionMask = 2147483647;
			files = (
				3DBB79F81C45DC39009FA592 /* LightGreen.png in Resources */,
				3DBB79F61C45DC39009FA592 /* Grey.png in Resources */,
				3DBB79B31C45DA85009FA592 /* LaunchScreen.storyboard in Resources */,
				3DBB79EE1C45DC39009FA592 /* Black.png in Resources */,
				3DBB7A011C45DC39009FA592 /* width.png in Resources */,
				3DBB79F41C45DC39009FA592 /* Eraser.png in Resources */,
				3DBB7A021C45DC39009FA592 /* Yellow.png in Resources */,
				3DBB79F51C45DC39009FA592 /* g.png in Resources */,
				3DBB79F11C45DC39009FA592 /* Custom-Color.png in Resources */,
				3DBB79F91C45DC39009FA592 /* Opacity.png in Resources */,
				3DBB79FE1C45DC39009FA592 /* Setting-1.png in Resources */,
				3DBB79B01C45DA85009FA592 /* Assets.xcassets in Resources */,
				3DBB79F21C45DC39009FA592 /* DarkGreen.png in Resources */,
				3DBB79FD1C45DC39009FA592 /* Save-Small.png in Resources */,
				3DBB79EF1C45DC39009FA592 /* Blue.png in Resources */,
				3DBB79F01C45DC39009FA592 /* Brown.png in Resources */,
				3DBB7A001C45DC39009FA592 /* thickness.png in Resources */,
				3DBB79ED1C45DC39009FA592 /* b.png in Resources */,
				3DBB79FC1C45DC39009FA592 /* reset-Small.png in Resources */,
				3DBB79AE1C45DA85009FA592 /* Main.storyboard in Resources */,
				3DBB79F71C45DC39009FA592 /* LightBlue.png in Resources */,
				3DBB79FB1C45DC39009FA592 /* Red.png in Resources */,
				3DBB79FA1C45DC39009FA592 /* r.png in Resources */,
				3DBB79F31C45DC39009FA592 /* DarkOrange.png in Resources */,
				3DBB79FF1C45DC39009FA592 /* Setting-2.png in Resources */,
			);
			runOnlyForDeploymentPostprocessing = 0;
		};
		3DBB79B71C45DA85009FA592 /* Resources */ = {
			isa = PBXResourcesBuildPhase;
			buildActionMask = 2147483647;
			files = (
			);
			runOnlyForDeploymentPostprocessing = 0;
		};
		3DBB79C21C45DA85009FA592 /* Resources */ = {
			isa = PBXResourcesBuildPhase;
			buildActionMask = 2147483647;
			files = (
			);
			runOnlyForDeploymentPostprocessing = 0;
		};
/* End PBXResourcesBuildPhase section */

/* Begin PBXSourcesBuildPhase section */
		3DBB799C1C45DA85009FA592 /* Sources */ = {
			isa = PBXSourcesBuildPhase;
			buildActionMask = 2147483647;
			files = (
				3DBB79AB1C45DA85009FA592 /* ViewController.m in Sources */,
				3DBB79A81C45DA85009FA592 /* AppDelegate.m in Sources */,
				3DBB79A51C45DA85009FA592 /* main.m in Sources */,
			);
			runOnlyForDeploymentPostprocessing = 0;
		};
		3DBB79B51C45DA85009FA592 /* Sources */ = {
			isa = PBXSourcesBuildPhase;
			buildActionMask = 2147483647;
			files = (
				3DBB79BE1C45DA85009FA592 /* paintTests.m in Sources */,
			);
			runOnlyForDeploymentPostprocessing = 0;
		};
		3DBB79C01C45DA85009FA592 /* Sources */ = {
			isa = PBXSourcesBuildPhase;
			buildActionMask = 2147483647;
			files = (
				3DBB79C91C45DA85009FA592 /* paintUITests.m in Sources */,
			);
			runOnlyForDeploymentPostprocessing = 0;
		};
/* End PBXSourcesBuildPhase section */

/* Begin PBXTargetDependency section */
		3DBB79BB1C45DA85009FA592 /* PBXTargetDependency */ = {
			isa = PBXTargetDependency;
			target = 3DBB799F1C45DA85009FA592 /* paint */;
			targetProxy = 3DBB79BA1C45DA85009FA592 /* PBXContainerItemProxy */;
		};
		3DBB79C61C45DA85009FA592 /* PBXTargetDependency */ = {
			isa = PBXTargetDependency;
			target = 3DBB799F1C45DA85009FA592 /* paint */;
			targetProxy = 3DBB79C51C45DA85009FA592 /* PBXContainerItemProxy */;
		};
/* End PBXTargetDependency section */

/* Begin PBXVariantGroup section */
		3DBB79AC1C45DA85009FA592 /* Main.storyboard */ = {
			isa = PBXVariantGroup;
			children = (
				3DBB79AD1C45DA85009FA592 /* Base */,
			);
			name = Main.storyboard;
			sourceTree = "<group>";
		};
		3DBB79B11C45DA85009FA592 /* LaunchScreen.storyboard */ = {
			isa = PBXVariantGroup;
			children = (
				3DBB79B21C45DA85009FA592 /* Base */,
			);
			name = LaunchScreen.storyboard;
			sourceTree = "<group>";
		};
/* End PBXVariantGroup section */

/* Begin XCBuildConfiguration section */
		3DBB79CB1C45DA85009FA592 /* Debug */ = {
			isa = XCBuildConfiguration;
			buildSettings = {
				ALWAYS_SEARCH_USER_PATHS = NO;
				CLANG_CXX_LANGUAGE_STANDARD = "gnu++0x";
				CLANG_CXX_LIBRARY = "libc++";
				CLANG_ENABLE_MODULES = YES;
				CLANG_ENABLE_OBJC_ARC = YES;
				CLANG_WARN_BOOL_CONVERSION = YES;
				CLANG_WARN_CONSTANT_CONVERSION = YES;
				CLANG_WARN_DIRECT_OBJC_ISA_USAGE = YES_ERROR;
				CLANG_WARN_EMPTY_BODY = YES;
				CLANG_WARN_ENUM_CONVERSION = YES;
				CLANG_WARN_INT_CONVERSION = YES;
				CLANG_WARN_OBJC_ROOT_CLASS = YES_ERROR;
				CLANG_WARN_UNREACHABLE_CODE = YES;
				CLANG_WARN__DUPLICATE_METHOD_MATCH = YES;
				"CODE_SIGN_IDENTITY[sdk=iphoneos*]" = "iPhone Developer";
				COPY_PHASE_STRIP = NO;
				DEBUG_INFORMATION_FORMAT = dwarf;
				ENABLE_STRICT_OBJC_MSGSEND = YES;
				ENABLE_TESTABILITY = YES;
				GCC_C_LANGUAGE_STANDARD = gnu99;
				GCC_DYNAMIC_NO_PIC = NO;
				GCC_NO_COMMON_BLOCKS = YES;
				GCC_OPTIMIZATION_LEVEL = 0;
				GCC_PREPROCESSOR_DEFINITIONS = (
					"DEBUG=1",
					"$(inherited)",
				);
				GCC_WARN_64_TO_32_BIT_CONVERSION = YES;
				GCC_WARN_ABOUT_RETURN_TYPE = YES_ERROR;
				GCC_WARN_UNDECLARED_SELECTOR = YES;
				GCC_WARN_UNINITIALIZED_AUTOS = YES_AGGRESSIVE;
				GCC_WARN_UNUSED_FUNCTION = YES;
				GCC_WARN_UNUSED_VARIABLE = YES;
				IPHONEOS_DEPLOYMENT_TARGET = 9.2;
				MTL_ENABLE_DEBUG_INFO = YES;
				ONLY_ACTIVE_ARCH = YES;
				SDKROOT = iphoneos;
				TARGETED_DEVICE_FAMILY = "1,2";
			};
			name = Debug;
		};
		3DBB79CC1C45DA85009FA592 /* Release */ = {
			isa = XCBuildConfiguration;
			buildSettings = {
				ALWAYS_SEARCH_USER_PATHS = NO;
				CLANG_CXX_LANGUAGE_STANDARD = "gnu++0x";
				CLANG_CXX_LIBRARY = "libc++";
				CLANG_ENABLE_MODULES = YES;
				CLANG_ENABLE_OBJC_ARC = YES;
				CLANG_WARN_BOOL_CONVERSION = YES;
				CLANG_WARN_CONSTANT_CONVERSION = YES;
				CLANG_WARN_DIRECT_OBJC_ISA_USAGE = YES_ERROR;
				CLANG_WARN_EMPTY_BODY = YES;
				CLANG_WARN_ENUM_CONVERSION = YES;
				CLANG_WARN_INT_CONVERSION = YES;
				CLANG_WARN_OBJC_ROOT_CLASS = YES_ERROR;
				CLANG_WARN_UNREACHABLE_CODE = YES;
				CLANG_WARN__DUPLICATE_METHOD_MATCH = YES;
				"CODE_SIGN_IDENTITY[sdk=iphoneos*]" = "iPhone Developer";
				COPY_PHASE_STRIP = NO;
				DEBUG_INFORMATION_FORMAT = "dwarf-with-dsym";
				ENABLE_NS_ASSERTIONS = NO;
				ENABLE_STRICT_OBJC_MSGSEND = YES;
				GCC_C_LANGUAGE_STANDARD = gnu99;
				GCC_NO_COMMON_BLOCKS = YES;
				GCC_WARN_64_TO_32_BIT_CONVERSION = YES;
				GCC_WARN_ABOUT_RETURN_TYPE = YES_ERROR;
				GCC_WARN_UNDECLARED_SELECTOR = YES;
				GCC_WARN_UNINITIALIZED_AUTOS = YES_AGGRESSIVE;
				GCC_WARN_UNUSED_FUNCTION = YES;
				GCC_WARN_UNUSED_VARIABLE = YES;
				IPHONEOS_DEPLOYMENT_TARGET = 9.2;
				MTL_ENABLE_DEBUG_INFO = NO;
				SDKROOT = iphoneos;
				TARGETED_DEVICE_FAMILY = "1,2";
				VALIDATE_PRODUCT = YES;
			};
			name = Release;
		};
		3DBB79CE1C45DA85009FA592 /* Debug */ = {
			isa = XCBuildConfiguration;
			buildSettings = {
				ASSETCATALOG_COMPILER_APPICON_NAME = AppIcon;
				INFOPLIST_FILE = paint/Info.plist;
				LD_RUNPATH_SEARCH_PATHS = "$(inherited) @executable_path/Frameworks";
				PRODUCT_BUNDLE_IDENTIFIER = com.intrepid.paint;
				PRODUCT_NAME = "$(TARGET_NAME)";
			};
			name = Debug;
		};
		3DBB79CF1C45DA85009FA592 /* Release */ = {
			isa = XCBuildConfiguration;
			buildSettings = {
				ASSETCATALOG_COMPILER_APPICON_NAME = AppIcon;
				INFOPLIST_FILE = paint/Info.plist;
				LD_RUNPATH_SEARCH_PATHS = "$(inherited) @executable_path/Frameworks";
				PRODUCT_BUNDLE_IDENTIFIER = com.intrepid.paint;
				PRODUCT_NAME = "$(TARGET_NAME)";
			};
			name = Release;
		};
		3DBB79D11C45DA85009FA592 /* Debug */ = {
			isa = XCBuildConfiguration;
			buildSettings = {
				BUNDLE_LOADER = "$(TEST_HOST)";
				INFOPLIST_FILE = paintTests/Info.plist;
				LD_RUNPATH_SEARCH_PATHS = "$(inherited) @executable_path/Frameworks @loader_path/Frameworks";
				PRODUCT_BUNDLE_IDENTIFIER = com.intrepid.paintTests;
				PRODUCT_NAME = "$(TARGET_NAME)";
				TEST_HOST = "$(BUILT_PRODUCTS_DIR)/paint.app/paint";
			};
			name = Debug;
		};
		3DBB79D21C45DA85009FA592 /* Release */ = {
			isa = XCBuildConfiguration;
			buildSettings = {
				BUNDLE_LOADER = "$(TEST_HOST)";
				INFOPLIST_FILE = paintTests/Info.plist;
				LD_RUNPATH_SEARCH_PATHS = "$(inherited) @executable_path/Frameworks @loader_path/Frameworks";
				PRODUCT_BUNDLE_IDENTIFIER = com.intrepid.paintTests;
				PRODUCT_NAME = "$(TARGET_NAME)";
				TEST_HOST = "$(BUILT_PRODUCTS_DIR)/paint.app/paint";
			};
			name = Release;
		};
		3DBB79D41C45DA85009FA592 /* Debug */ = {
			isa = XCBuildConfiguration;
			buildSettings = {
				INFOPLIST_FILE = paintUITests/Info.plist;
				LD_RUNPATH_SEARCH_PATHS = "$(inherited) @executable_path/Frameworks @loader_path/Frameworks";
				PRODUCT_BUNDLE_IDENTIFIER = com.intrepid.paintUITests;
				PRODUCT_NAME = "$(TARGET_NAME)";
				TEST_TARGET_NAME = paint;
				USES_XCTRUNNER = YES;
			};
			name = Debug;
		};
		3DBB79D51C45DA85009FA592 /* Release */ = {
			isa = XCBuildConfiguration;
			buildSettings = {
				INFOPLIST_FILE = paintUITests/Info.plist;
				LD_RUNPATH_SEARCH_PATHS = "$(inherited) @executable_path/Frameworks @loader_path/Frameworks";
				PRODUCT_BUNDLE_IDENTIFIER = com.intrepid.paintUITests;
				PRODUCT_NAME = "$(TARGET_NAME)";
				TEST_TARGET_NAME = paint;
				USES_XCTRUNNER = YES;
			};
			name = Release;
		};
/* End XCBuildConfiguration section */

/* Begin XCConfigurationList section */
		3DBB799B1C45DA85009FA592 /* Build configuration list for PBXProject "paint" */ = {
			isa = XCConfigurationList;
			buildConfigurations = (
				3DBB79CB1C45DA85009FA592 /* Debug */,
				3DBB79CC1C45DA85009FA592 /* Release */,
			);
			defaultConfigurationIsVisible = 0;
			defaultConfigurationName = Release;
		};
		3DBB79CD1C45DA85009FA592 /* Build configuration list for PBXNativeTarget "paint" */ = {
			isa = XCConfigurationList;
			buildConfigurations = (
				3DBB79CE1C45DA85009FA592 /* Debug */,
				3DBB79CF1C45DA85009FA592 /* Release */,
			);
			defaultConfigurationIsVisible = 0;
			defaultConfigurationName = Release;
		};
		3DBB79D01C45DA85009FA592 /* Build configuration list for PBXNativeTarget "paintTests" */ = {
			isa = XCConfigurationList;
			buildConfigurations = (
				3DBB79D11C45DA85009FA592 /* Debug */,
				3DBB79D21C45DA85009FA592 /* Release */,
			);
			defaultConfigurationIsVisible = 0;
			defaultConfigurationName = Release;
		};
		3DBB79D31C45DA85009FA592 /* Build configuration list for PBXNativeTarget "paintUITests" */ = {
			isa = XCConfigurationList;
			buildConfigurations = (
				3DBB79D41C45DA85009FA592 /* Debug */,
				3DBB79D51C45DA85009FA592 /* Release */,
			);
			defaultConfigurationIsVisible = 0;
			defaultConfigurationName = Release;
		};
/* End XCConfigurationList section */
	};
	rootObject = 3DBB79981C45DA85009FA592 /* Project object */;
}
